
Microsoft Visual Studio Solution File, Format Version 12.00
# Visual Studio Version 17
VisualStudioVersion = 17.0.31903.59
MinimumVisualStudioVersion = 10.0.40219.1
Project("{FAE04EC0-301F-11D3-BF4B-00C04F79EFBC}") = "Chapter7Exercises", "Chapter7Exercises\Chapter7Exercises.csproj", "{C0932E44-29F8-4F15-8950-C4D75EA02075}"
EndProject
Project("{FAE04EC0-301F-11D3-BF4B-00C04F79EFBC}") = "TechnologyTests", "TechnologyTests\TechnologyTests.csproj", "{E37CFBA0-C930-4C9A-8A90-15DDF6D094D3}"
EndProject
Global
	GlobalSection(SolutionConfigurationPlatforms) = preSolution
		Debug|Any CPU = Debug|Any CPU
		Release|Any CPU = Release|Any CPU
	EndGlobalSection
	GlobalSection(SolutionProperties) = preSolution
		HideSolutionNode = FALSE
	EndGlobalSection
	GlobalSection(ProjectConfigurationPlatforms) = postSolution
		{C0932E44-29F8-4F15-8950-C4D75EA02075}.Debug|Any CPU.ActiveCfg = Debug|Any CPU
		{C0932E44-29F8-4F15-8950-C4D75EA02075}.Debug|Any CPU.Build.0 = Debug|Any CPU
		{C0932E44-29F8-4F15-8950-C4D75EA02075}.Release|Any CPU.ActiveCfg = Release|Any CPU
		{C0932E44-29F8-4F15-8950-C4D75EA02075}.Release|Any CPU.Build.0 = Release|Any CPU
		{E37CFBA0-C930-4C9A-8A90-15DDF6D094D3}.Debug|Any CPU.ActiveCfg = Debug|Any CPU
		{E37CFBA0-C930-4C9A-8A90-15DDF6D094D3}.Debug|Any CPU.Build.0 = Debug|Any CPU
		{E37CFBA0-C930-4C9A-8A90-15DDF6D094D3}.Release|Any CPU.ActiveCfg = Release|Any CPU
		{E37CFBA0-C930-4C9A-8A90-15DDF6D094D3}.Release|Any CPU.Build.0 = Release|Any CPU
	EndGlobalSection
EndGlobal
